// !$*UTF8*$!
{
	archiveVersion = 1;
	classes = {
	};
	objectVersion = 56;
	objects = {

/* Begin PBXBuildFile section */
		3003348129F2EF2500001467 /* WeeklyCollectionView.swift in Sources */ = {isa = PBXBuildFile; fileRef = 3003348029F2EF2500001467 /* WeeklyCollectionView.swift */; };
		3003348329F2EF9500001467 /* DayViewCell.swift in Sources */ = {isa = PBXBuildFile; fileRef = 3003348229F2EF9500001467 /* DayViewCell.swift */; };
		3003348629F2F32C00001467 /* RootView.swift in Sources */ = {isa = PBXBuildFile; fileRef = 3003348529F2F32C00001467 /* RootView.swift */; };
		3056E45829EFC7C300A99B47 /* AppDelegate.swift in Sources */ = {isa = PBXBuildFile; fileRef = 3056E45729EFC7C300A99B47 /* AppDelegate.swift */; };
		3056E45A29EFC7C300A99B47 /* SceneDelegate.swift in Sources */ = {isa = PBXBuildFile; fileRef = 3056E45929EFC7C300A99B47 /* SceneDelegate.swift */; };
		3056E46129EFC7C500A99B47 /* Assets.xcassets in Resources */ = {isa = PBXBuildFile; fileRef = 3056E46029EFC7C500A99B47 /* Assets.xcassets */; };
		3056E46D29EFC82400A99B47 /* SnapKit in Frameworks */ = {isa = PBXBuildFile; productRef = 3056E46C29EFC82400A99B47 /* SnapKit */; };
		3056E47129EFEA1300A99B47 /* HourViewCell.swift in Sources */ = {isa = PBXBuildFile; fileRef = 3056E47029EFEA1200A99B47 /* HourViewCell.swift */; };
		3056E47829F03C7800A99B47 /* UIColor.swift in Sources */ = {isa = PBXBuildFile; fileRef = 3056E47729F03C7800A99B47 /* UIColor.swift */; };
		3056E47A29F03CC000A99B47 /* Gradient.swift in Sources */ = {isa = PBXBuildFile; fileRef = 3056E47929F03CC000A99B47 /* Gradient.swift */; };
		3056E47F29F11A5900A99B47 /* MainController.swift in Sources */ = {isa = PBXBuildFile; fileRef = 3056E47E29F11A5900A99B47 /* MainController.swift */; };
		305B622A29F7B268000A449E /* SearchController.swift in Sources */ = {isa = PBXBuildFile; fileRef = 305B622929F7B268000A449E /* SearchController.swift */; };
		3066FD972A057A0E002AB99B /* AllertCardView.swift in Sources */ = {isa = PBXBuildFile; fileRef = 3066FD962A057A0E002AB99B /* AllertCardView.swift */; };
		30728F9C29F2C67F007429F2 /* Func.swift in Sources */ = {isa = PBXBuildFile; fileRef = 30728F9B29F2C67F007429F2 /* Func.swift */; };
		30BCC37429F1AA990014E472 /* DayCollectionView.swift in Sources */ = {isa = PBXBuildFile; fileRef = 30BCC37329F1AA990014E472 /* DayCollectionView.swift */; };
		30E268DC29F30B4600D3958C /* RootViewController.swift in Sources */ = {isa = PBXBuildFile; fileRef = 30E268DB29F30B4600D3958C /* RootViewController.swift */; };
		30E268DE29F30D5400D3958C /* DetailViewController.swift in Sources */ = {isa = PBXBuildFile; fileRef = 30E268DD29F30D5300D3958C /* DetailViewController.swift */; };
		30E268E029F3EE4400D3958C /* RootButton.swift in Sources */ = {isa = PBXBuildFile; fileRef = 30E268DF29F3EE4400D3958C /* RootButton.swift */; };
		30E268E729F5636500D3958C /* URLService.swift in Sources */ = {isa = PBXBuildFile; fileRef = 30E268E629F5636500D3958C /* URLService.swift */; };
		30E268E929F56C9400D3958C /* MainCardView.swift in Sources */ = {isa = PBXBuildFile; fileRef = 30E268E829F56C9400D3958C /* MainCardView.swift */; };
		30E268EC29F6A97A00D3958C /* URLService 2.0.swift in Sources */ = {isa = PBXBuildFile; fileRef = 30E268EB29F6A97A00D3958C /* URLService 2.0.swift */; };
		30E268EE29F6C56D00D3958C /* WeatherData.swift in Sources */ = {isa = PBXBuildFile; fileRef = 30E268ED29F6C56D00D3958C /* WeatherData.swift */; };
/* End PBXBuildFile section */

/* Begin PBXFileReference section */
		3003348029F2EF2500001467 /* WeeklyCollectionView.swift */ = {isa = PBXFileReference; lastKnownFileType = sourcecode.swift; path = WeeklyCollectionView.swift; sourceTree = "<group>"; };
		3003348229F2EF9500001467 /* DayViewCell.swift */ = {isa = PBXFileReference; lastKnownFileType = sourcecode.swift; path = DayViewCell.swift; sourceTree = "<group>"; };
		3003348529F2F32C00001467 /* RootView.swift */ = {isa = PBXFileReference; lastKnownFileType = sourcecode.swift; path = RootView.swift; sourceTree = "<group>"; };
		3056E45429EFC7C300A99B47 /* Weather.app */ = {isa = PBXFileReference; explicitFileType = wrapper.application; includeInIndex = 0; path = Weather.app; sourceTree = BUILT_PRODUCTS_DIR; };
		3056E45729EFC7C300A99B47 /* AppDelegate.swift */ = {isa = PBXFileReference; lastKnownFileType = sourcecode.swift; path = AppDelegate.swift; sourceTree = "<group>"; };
		3056E45929EFC7C300A99B47 /* SceneDelegate.swift */ = {isa = PBXFileReference; lastKnownFileType = sourcecode.swift; path = SceneDelegate.swift; sourceTree = "<group>"; };
		3056E46029EFC7C500A99B47 /* Assets.xcassets */ = {isa = PBXFileReference; lastKnownFileType = folder.assetcatalog; path = Assets.xcassets; sourceTree = "<group>"; };
		3056E46529EFC7C500A99B47 /* Info.plist */ = {isa = PBXFileReference; lastKnownFileType = text.plist.xml; path = Info.plist; sourceTree = "<group>"; };
		3056E47029EFEA1200A99B47 /* HourViewCell.swift */ = {isa = PBXFileReference; lastKnownFileType = sourcecode.swift; path = HourViewCell.swift; sourceTree = "<group>"; };
		3056E47729F03C7800A99B47 /* UIColor.swift */ = {isa = PBXFileReference; lastKnownFileType = sourcecode.swift; path = UIColor.swift; sourceTree = "<group>"; };
		3056E47929F03CC000A99B47 /* Gradient.swift */ = {isa = PBXFileReference; lastKnownFileType = sourcecode.swift; path = Gradient.swift; sourceTree = "<group>"; };
		3056E47E29F11A5900A99B47 /* MainController.swift */ = {isa = PBXFileReference; lastKnownFileType = sourcecode.swift; path = MainController.swift; sourceTree = "<group>"; };
		305B622929F7B268000A449E /* SearchController.swift */ = {isa = PBXFileReference; lastKnownFileType = sourcecode.swift; path = SearchController.swift; sourceTree = "<group>"; };
		3066FD962A057A0E002AB99B /* AllertCardView.swift */ = {isa = PBXFileReference; lastKnownFileType = sourcecode.swift; path = AllertCardView.swift; sourceTree = "<group>"; };
		30728F9B29F2C67F007429F2 /* Func.swift */ = {isa = PBXFileReference; lastKnownFileType = sourcecode.swift; path = Func.swift; sourceTree = "<group>"; };
		30BCC37329F1AA990014E472 /* DayCollectionView.swift */ = {isa = PBXFileReference; lastKnownFileType = sourcecode.swift; path = DayCollectionView.swift; sourceTree = "<group>"; };
		30E268DB29F30B4600D3958C /* RootViewController.swift */ = {isa = PBXFileReference; lastKnownFileType = sourcecode.swift; path = RootViewController.swift; sourceTree = "<group>"; };
		30E268DD29F30D5300D3958C /* DetailViewController.swift */ = {isa = PBXFileReference; lastKnownFileType = sourcecode.swift; path = DetailViewController.swift; sourceTree = "<group>"; };
		30E268DF29F3EE4400D3958C /* RootButton.swift */ = {isa = PBXFileReference; lastKnownFileType = sourcecode.swift; path = RootButton.swift; sourceTree = "<group>"; };
		30E268E629F5636500D3958C /* URLService.swift */ = {isa = PBXFileReference; lastKnownFileType = sourcecode.swift; path = URLService.swift; sourceTree = "<group>"; };
		30E268E829F56C9400D3958C /* MainCardView.swift */ = {isa = PBXFileReference; lastKnownFileType = sourcecode.swift; path = MainCardView.swift; sourceTree = "<group>"; };
		30E268EB29F6A97A00D3958C /* URLService 2.0.swift */ = {isa = PBXFileReference; lastKnownFileType = sourcecode.swift; path = "URLService 2.0.swift"; sourceTree = "<group>"; };
		30E268ED29F6C56D00D3958C /* WeatherData.swift */ = {isa = PBXFileReference; lastKnownFileType = sourcecode.swift; path = WeatherData.swift; sourceTree = "<group>"; };
/* End PBXFileReference section */

/* Begin PBXFrameworksBuildPhase section */
		3056E45129EFC7C300A99B47 /* Frameworks */ = {
			isa = PBXFrameworksBuildPhase;
			buildActionMask = 2147483647;
			files = (
				3056E46D29EFC82400A99B47 /* SnapKit in Frameworks */,
			);
			runOnlyForDeploymentPostprocessing = 0;
		};
/* End PBXFrameworksBuildPhase section */

/* Begin PBXGroup section */
		3003347F29F2EEE400001467 /* WeeklyCollectionView */ = {
			isa = PBXGroup;
			children = (
				3003348029F2EF2500001467 /* WeeklyCollectionView.swift */,
				3003348229F2EF9500001467 /* DayViewCell.swift */,
			);
			path = WeeklyCollectionView;
			sourceTree = "<group>";
		};
		3003348429F2F31500001467 /* RootViews */ = {
			isa = PBXGroup;
			children = (
				3003348529F2F32C00001467 /* RootView.swift */,
				30E268DB29F30B4600D3958C /* RootViewController.swift */,
				30E268DF29F3EE4400D3958C /* RootButton.swift */,
			);
			path = RootViews;
			sourceTree = "<group>";
		};
		3003348729F2F47300001467 /* UI */ = {
			isa = PBXGroup;
			children = (
				3056E47E29F11A5900A99B47 /* MainController.swift */,
				30E268DD29F30D5300D3958C /* DetailViewController.swift */,
				30E268E129F3F71500D3958C /* Segments */,
				3056E47B29F0593800A99B47 /* DayCollectionView */,
				3003347F29F2EEE400001467 /* WeeklyCollectionView */,
				30E268E229F3F72400D3958C /* SearchView */,
				3003348429F2F31500001467 /* RootViews */,
			);
			path = UI;
			sourceTree = "<group>";
		};
		3056E44B29EFC7C300A99B47 = {
			isa = PBXGroup;
			children = (
				3056E45629EFC7C300A99B47 /* Weather */,
				3056E45529EFC7C300A99B47 /* Products */,
			);
			sourceTree = "<group>";
		};
		3056E45529EFC7C300A99B47 /* Products */ = {
			isa = PBXGroup;
			children = (
				3056E45429EFC7C300A99B47 /* Weather.app */,
			);
			name = Products;
			sourceTree = "<group>";
		};
		3056E45629EFC7C300A99B47 /* Weather */ = {
			isa = PBXGroup;
			children = (
				3003348729F2F47300001467 /* UI */,
				30E268EA29F6A95B00D3958C /* Service */,
				3056E47629F03C4600A99B47 /* Extensions */,
				3056E45729EFC7C300A99B47 /* AppDelegate.swift */,
				3056E45929EFC7C300A99B47 /* SceneDelegate.swift */,
				3056E46029EFC7C500A99B47 /* Assets.xcassets */,
				3056E46529EFC7C500A99B47 /* Info.plist */,
			);
			path = Weather;
			sourceTree = "<group>";
		};
		3056E47629F03C4600A99B47 /* Extensions */ = {
			isa = PBXGroup;
			children = (
				3056E47729F03C7800A99B47 /* UIColor.swift */,
				3056E47929F03CC000A99B47 /* Gradient.swift */,
				30728F9B29F2C67F007429F2 /* Func.swift */,
			);
			path = Extensions;
			sourceTree = "<group>";
		};
		3056E47B29F0593800A99B47 /* DayCollectionView */ = {
			isa = PBXGroup;
			children = (
				30BCC37329F1AA990014E472 /* DayCollectionView.swift */,
				3056E47029EFEA1200A99B47 /* HourViewCell.swift */,
			);
			path = DayCollectionView;
			sourceTree = "<group>";
		};
		30E268E129F3F71500D3958C /* Segments */ = {
			isa = PBXGroup;
			children = (
				30E268E829F56C9400D3958C /* MainCardView.swift */,
				3066FD962A057A0E002AB99B /* AllertCardView.swift */,
			);
			path = Segments;
			sourceTree = "<group>";
		};
		30E268E229F3F72400D3958C /* SearchView */ = {
			isa = PBXGroup;
			children = (
				305B622929F7B268000A449E /* SearchController.swift */,
			);
			path = SearchView;
			sourceTree = "<group>";
		};
		30E268EA29F6A95B00D3958C /* Service */ = {
			isa = PBXGroup;
			children = (
				30E268E629F5636500D3958C /* URLService.swift */,
				30E268EB29F6A97A00D3958C /* URLService 2.0.swift */,
				30E268ED29F6C56D00D3958C /* WeatherData.swift */,
			);
			path = Service;
			sourceTree = "<group>";
		};
/* End PBXGroup section */

/* Begin PBXNativeTarget section */
		3056E45329EFC7C300A99B47 /* Weather */ = {
			isa = PBXNativeTarget;
			buildConfigurationList = 3056E46829EFC7C500A99B47 /* Build configuration list for PBXNativeTarget "Weather" */;
			buildPhases = (
				3056E45029EFC7C300A99B47 /* Sources */,
				3056E45129EFC7C300A99B47 /* Frameworks */,
				3056E45229EFC7C300A99B47 /* Resources */,
			);
			buildRules = (
			);
			dependencies = (
			);
			name = Weather;
			packageProductDependencies = (
				3056E46C29EFC82400A99B47 /* SnapKit */,
			);
			productName = Weather;
			productReference = 3056E45429EFC7C300A99B47 /* Weather.app */;
			productType = "com.apple.product-type.application";
		};
/* End PBXNativeTarget section */

/* Begin PBXProject section */
		3056E44C29EFC7C300A99B47 /* Project object */ = {
			isa = PBXProject;
			attributes = {
				BuildIndependentTargetsInParallel = 1;
				LastSwiftUpdateCheck = 1420;
				LastUpgradeCheck = 1420;
				TargetAttributes = {
					3056E45329EFC7C300A99B47 = {
						CreatedOnToolsVersion = 14.2;
					};
				};
			};
			buildConfigurationList = 3056E44F29EFC7C300A99B47 /* Build configuration list for PBXProject "Weather" */;
			compatibilityVersion = "Xcode 14.0";
			developmentRegion = en;
			hasScannedForEncodings = 0;
			knownRegions = (
				en,
				Base,
			);
			mainGroup = 3056E44B29EFC7C300A99B47;
			packageReferences = (
				3056E46B29EFC82400A99B47 /* XCRemoteSwiftPackageReference "SnapKit" */,
			);
			productRefGroup = 3056E45529EFC7C300A99B47 /* Products */;
			projectDirPath = "";
			projectRoot = "";
			targets = (
				3056E45329EFC7C300A99B47 /* Weather */,
			);
		};
/* End PBXProject section */

/* Begin PBXResourcesBuildPhase section */
		3056E45229EFC7C300A99B47 /* Resources */ = {
			isa = PBXResourcesBuildPhase;
			buildActionMask = 2147483647;
			files = (
				3056E46129EFC7C500A99B47 /* Assets.xcassets in Resources */,
			);
			runOnlyForDeploymentPostprocessing = 0;
		};
/* End PBXResourcesBuildPhase section */

/* Begin PBXSourcesBuildPhase section */
		3056E45029EFC7C300A99B47 /* Sources */ = {
			isa = PBXSourcesBuildPhase;
			buildActionMask = 2147483647;
			files = (
				30E268EE29F6C56D00D3958C /* WeatherData.swift in Sources */,
				30BCC37429F1AA990014E472 /* DayCollectionView.swift in Sources */,
				305B622A29F7B268000A449E /* SearchController.swift in Sources */,
				3056E47F29F11A5900A99B47 /* MainController.swift in Sources */,
				3066FD972A057A0E002AB99B /* AllertCardView.swift in Sources */,
				30E268E729F5636500D3958C /* URLService.swift in Sources */,
				3056E47129EFEA1300A99B47 /* HourViewCell.swift in Sources */,
				30E268DC29F30B4600D3958C /* RootViewController.swift in Sources */,
				3056E45829EFC7C300A99B47 /* AppDelegate.swift in Sources */,
				30E268EC29F6A97A00D3958C /* URLService 2.0.swift in Sources */,
				3003348129F2EF2500001467 /* WeeklyCollectionView.swift in Sources */,
				30E268E929F56C9400D3958C /* MainCardView.swift in Sources */,
				30728F9C29F2C67F007429F2 /* Func.swift in Sources */,
				3056E47829F03C7800A99B47 /* UIColor.swift in Sources */,
				3003348629F2F32C00001467 /* RootView.swift in Sources */,
				30E268E029F3EE4400D3958C /* RootButton.swift in Sources */,
				3056E45A29EFC7C300A99B47 /* SceneDelegate.swift in Sources */,
				3056E47A29F03CC000A99B47 /* Gradient.swift in Sources */,
				3003348329F2EF9500001467 /* DayViewCell.swift in Sources */,
				30E268DE29F30D5400D3958C /* DetailViewController.swift in Sources */,
			);
			runOnlyForDeploymentPostprocessing = 0;
		};
/* End PBXSourcesBuildPhase section */

/* Begin XCBuildConfiguration section */
		3056E46629EFC7C500A99B47 /* Debug */ = {
			isa = XCBuildConfiguration;
			buildSettings = {
				ALWAYS_SEARCH_USER_PATHS = NO;
				CLANG_ANALYZER_NONNULL = YES;
				CLANG_ANALYZER_NUMBER_OBJECT_CONVERSION = YES_AGGRESSIVE;
				CLANG_CXX_LANGUAGE_STANDARD = "gnu++20";
				CLANG_ENABLE_MODULES = YES;
				CLANG_ENABLE_OBJC_ARC = YES;
				CLANG_ENABLE_OBJC_WEAK = YES;
				CLANG_WARN_BLOCK_CAPTURE_AUTORELEASING = YES;
				CLANG_WARN_BOOL_CONVERSION = YES;
				CLANG_WARN_COMMA = YES;
				CLANG_WARN_CONSTANT_CONVERSION = YES;
				CLANG_WARN_DEPRECATED_OBJC_IMPLEMENTATIONS = YES;
				CLANG_WARN_DIRECT_OBJC_ISA_USAGE = YES_ERROR;
				CLANG_WARN_DOCUMENTATION_COMMENTS = YES;
				CLANG_WARN_EMPTY_BODY = YES;
				CLANG_WARN_ENUM_CONVERSION = YES;
				CLANG_WARN_INFINITE_RECURSION = YES;
				CLANG_WARN_INT_CONVERSION = YES;
				CLANG_WARN_NON_LITERAL_NULL_CONVERSION = YES;
				CLANG_WARN_OBJC_IMPLICIT_RETAIN_SELF = YES;
				CLANG_WARN_OBJC_LITERAL_CONVERSION = YES;
				CLANG_WARN_OBJC_ROOT_CLASS = YES_ERROR;
				CLANG_WARN_QUOTED_INCLUDE_IN_FRAMEWORK_HEADER = YES;
				CLANG_WARN_RANGE_LOOP_ANALYSIS = YES;
				CLANG_WARN_STRICT_PROTOTYPES = YES;
				CLANG_WARN_SUSPICIOUS_MOVE = YES;
				CLANG_WARN_UNGUARDED_AVAILABILITY = YES_AGGRESSIVE;
				CLANG_WARN_UNREACHABLE_CODE = YES;
				CLANG_WARN__DUPLICATE_METHOD_MATCH = YES;
				COPY_PHASE_STRIP = NO;
				DEBUG_INFORMATION_FORMAT = dwarf;
				ENABLE_STRICT_OBJC_MSGSEND = YES;
				ENABLE_TESTABILITY = YES;
				GCC_C_LANGUAGE_STANDARD = gnu11;
				GCC_DYNAMIC_NO_PIC = NO;
				GCC_NO_COMMON_BLOCKS = YES;
				GCC_OPTIMIZATION_LEVEL = 0;
				GCC_PREPROCESSOR_DEFINITIONS = (
					"DEBUG=1",
					"$(inherited)",
				);
				GCC_WARN_64_TO_32_BIT_CONVERSION = YES;
				GCC_WARN_ABOUT_RETURN_TYPE = YES_ERROR;
				GCC_WARN_UNDECLARED_SELECTOR = YES;
				GCC_WARN_UNINITIALIZED_AUTOS = YES_AGGRESSIVE;
				GCC_WARN_UNUSED_FUNCTION = YES;
				GCC_WARN_UNUSED_VARIABLE = YES;
				IPHONEOS_DEPLOYMENT_TARGET = 16.2;
				MTL_ENABLE_DEBUG_INFO = INCLUDE_SOURCE;
				MTL_FAST_MATH = YES;
				ONLY_ACTIVE_ARCH = YES;
				SDKROOT = iphoneos;
				SWIFT_ACTIVE_COMPILATION_CONDITIONS = DEBUG;
				SWIFT_OPTIMIZATION_LEVEL = "-Onone";
			};
			name = Debug;
		};
		3056E46729EFC7C500A99B47 /* Release */ = {
			isa = XCBuildConfiguration;
			buildSettings = {
				ALWAYS_SEARCH_USER_PATHS = NO;
				CLANG_ANALYZER_NONNULL = YES;
				CLANG_ANALYZER_NUMBER_OBJECT_CONVERSION = YES_AGGRESSIVE;
				CLANG_CXX_LANGUAGE_STANDARD = "gnu++20";
				CLANG_ENABLE_MODULES = YES;
				CLANG_ENABLE_OBJC_ARC = YES;
				CLANG_ENABLE_OBJC_WEAK = YES;
				CLANG_WARN_BLOCK_CAPTURE_AUTORELEASING = YES;
				CLANG_WARN_BOOL_CONVERSION = YES;
				CLANG_WARN_COMMA = YES;
				CLANG_WARN_CONSTANT_CONVERSION = YES;
				CLANG_WARN_DEPRECATED_OBJC_IMPLEMENTATIONS = YES;
				CLANG_WARN_DIRECT_OBJC_ISA_USAGE = YES_ERROR;
				CLANG_WARN_DOCUMENTATION_COMMENTS = YES;
				CLANG_WARN_EMPTY_BODY = YES;
				CLANG_WARN_ENUM_CONVERSION = YES;
				CLANG_WARN_INFINITE_RECURSION = YES;
				CLANG_WARN_INT_CONVERSION = YES;
				CLANG_WARN_NON_LITERAL_NULL_CONVERSION = YES;
				CLANG_WARN_OBJC_IMPLICIT_RETAIN_SELF = YES;
				CLANG_WARN_OBJC_LITERAL_CONVERSION = YES;
				CLANG_WARN_OBJC_ROOT_CLASS = YES_ERROR;
				CLANG_WARN_QUOTED_INCLUDE_IN_FRAMEWORK_HEADER = YES;
				CLANG_WARN_RANGE_LOOP_ANALYSIS = YES;
				CLANG_WARN_STRICT_PROTOTYPES = YES;
				CLANG_WARN_SUSPICIOUS_MOVE = YES;
				CLANG_WARN_UNGUARDED_AVAILABILITY = YES_AGGRESSIVE;
				CLANG_WARN_UNREACHABLE_CODE = YES;
				CLANG_WARN__DUPLICATE_METHOD_MATCH = YES;
				COPY_PHASE_STRIP = NO;
				DEBUG_INFORMATION_FORMAT = "dwarf-with-dsym";
				ENABLE_NS_ASSERTIONS = NO;
				ENABLE_STRICT_OBJC_MSGSEND = YES;
				GCC_C_LANGUAGE_STANDARD = gnu11;
				GCC_NO_COMMON_BLOCKS = YES;
				GCC_WARN_64_TO_32_BIT_CONVERSION = YES;
				GCC_WARN_ABOUT_RETURN_TYPE = YES_ERROR;
				GCC_WARN_UNDECLARED_SELECTOR = YES;
				GCC_WARN_UNINITIALIZED_AUTOS = YES_AGGRESSIVE;
				GCC_WARN_UNUSED_FUNCTION = YES;
				GCC_WARN_UNUSED_VARIABLE = YES;
				IPHONEOS_DEPLOYMENT_TARGET = 16.2;
				MTL_ENABLE_DEBUG_INFO = NO;
				MTL_FAST_MATH = YES;
				SDKROOT = iphoneos;
				SWIFT_COMPILATION_MODE = wholemodule;
				SWIFT_OPTIMIZATION_LEVEL = "-O";
				VALIDATE_PRODUCT = YES;
			};
			name = Release;
		};
		3056E46929EFC7C500A99B47 /* Debug */ = {
			isa = XCBuildConfiguration;
			buildSettings = {
				ASSETCATALOG_COMPILER_APPICON_NAME = AppIcon;
				ASSETCATALOG_COMPILER_GLOBAL_ACCENT_COLOR_NAME = AccentColor;
				CODE_SIGN_STYLE = Automatic;
				CURRENT_PROJECT_VERSION = 1;
				GENERATE_INFOPLIST_FILE = YES;
				INFOPLIST_FILE = Weather/Info.plist;
				INFOPLIST_KEY_UIApplicationSupportsIndirectInputEvents = YES;
				INFOPLIST_KEY_UILaunchStoryboardName = LaunchScreen;
				INFOPLIST_KEY_UISupportedInterfaceOrientations_iPad = "UIInterfaceOrientationPortrait UIInterfaceOrientationPortraitUpsideDown UIInterfaceOrientationLandscapeLeft UIInterfaceOrientationLandscapeRight";
				INFOPLIST_KEY_UISupportedInterfaceOrientations_iPhone = "UIInterfaceOrientationPortrait UIInterfaceOrientationLandscapeLeft UIInterfaceOrientationLandscapeRight";
				LD_RUNPATH_SEARCH_PATHS = (
					"$(inherited)",
					"@executable_path/Frameworks",
				);
				MARKETING_VERSION = 1.0;
				PRODUCT_BUNDLE_IDENTIFIER = Ungros.Weather;
				PRODUCT_NAME = "$(TARGET_NAME)";
				SWIFT_EMIT_LOC_STRINGS = YES;
				SWIFT_VERSION = 5.0;
				TARGETED_DEVICE_FAMILY = "1,2";
			};
			name = Debug;
		};
		3056E46A29EFC7C500A99B47 /* Release */ = {
			isa = XCBuildConfiguration;
			buildSettings = {
				ASSETCATALOG_COMPILER_APPICON_NAME = AppIcon;
				ASSETCATALOG_COMPILER_GLOBAL_ACCENT_COLOR_NAME = AccentColor;
				CODE_SIGN_STYLE = Automatic;
				CURRENT_PROJECT_VERSION = 1;
				GENERATE_INFOPLIST_FILE = YES;
				INFOPLIST_FILE = Weather/Info.plist;
				INFOPLIST_KEY_UIApplicationSupportsIndirectInputEvents = YES;
				INFOPLIST_KEY_UILaunchStoryboardName = LaunchScreen;
				INFOPLIST_KEY_UISupportedInterfaceOrientations_iPad = "UIInterfaceOrientationPortrait UIInterfaceOrientationPortraitUpsideDown UIInterfaceOrientationLandscapeLeft UIInterfaceOrientationLandscapeRight";
				INFOPLIST_KEY_UISupportedInterfaceOrientations_iPhone = "UIInterfaceOrientationPortrait UIInterfaceOrientationLandscapeLeft UIInterfaceOrientationLandscapeRight";
				LD_RUNPATH_SEARCH_PATHS = (
					"$(inherited)",
					"@executable_path/Frameworks",
				);
				MARKETING_VERSION = 1.0;
				PRODUCT_BUNDLE_IDENTIFIER = Ungros.Weather;
				PRODUCT_NAME = "$(TARGET_NAME)";
				SWIFT_EMIT_LOC_STRINGS = YES;
				SWIFT_VERSION = 5.0;
				TARGETED_DEVICE_FAMILY = "1,2";
			};
			name = Release;
		};
/* End XCBuildConfiguration section */

/* Begin XCConfigurationList section */
		3056E44F29EFC7C300A99B47 /* Build configuration list for PBXProject "Weather" */ = {
			isa = XCConfigurationList;
			buildConfigurations = (
				3056E46629EFC7C500A99B47 /* Debug */,
				3056E46729EFC7C500A99B47 /* Release */,
			);
			defaultConfigurationIsVisible = 0;
			defaultConfigurationName = Release;
		};
		3056E46829EFC7C500A99B47 /* Build configuration list for PBXNativeTarget "Weather" */ = {
			isa = XCConfigurationList;
			buildConfigurations = (
				3056E46929EFC7C500A99B47 /* Debug */,
				3056E46A29EFC7C500A99B47 /* Release */,
			);
			defaultConfigurationIsVisible = 0;
			defaultConfigurationName = Release;
		};
/* End XCConfigurationList section */

/* Begin XCRemoteSwiftPackageReference section */
		3056E46B29EFC82400A99B47 /* XCRemoteSwiftPackageReference "SnapKit" */ = {
			isa = XCRemoteSwiftPackageReference;
			repositoryURL = "https://github.com/SnapKit/SnapKit";
			requirement = {
				branch = develop;
				kind = branch;
			};
		};
/* End XCRemoteSwiftPackageReference section */

/* Begin XCSwiftPackageProductDependency section */
		3056E46C29EFC82400A99B47 /* SnapKit */ = {
			isa = XCSwiftPackageProductDependency;
			package = 3056E46B29EFC82400A99B47 /* XCRemoteSwiftPackageReference "SnapKit" */;
			productName = SnapKit;
		};
/* End XCSwiftPackageProductDependency section */
	};
	rootObject = 3056E44C29EFC7C300A99B47 /* Project object */;
}
